
Microsoft Visual Studio Solution File, Format Version 12.00
# Visual Studio Version 17
VisualStudioVersion = 17.8.34322.80
MinimumVisualStudioVersion = 10.0.40219.1
Project("{9A19103F-16F7-4668-BE54-9A1E7A4F7556}") = "GitTrunkBranchComparer", "GitTrunkBranchComparer\GitTrunkBranchComparer.csproj", "{8AF715B8-9CA8-4CB0-8592-4847C48EA826}"
EndProject
Global
	GlobalSection(SolutionConfigurationPlatforms) = preSolution
		Debug|Any CPU = Debug|Any CPU
		Release|Any CPU = Release|Any CPU
	EndGlobalSection
	GlobalSection(ProjectConfigurationPlatforms) = postSolution
		{8AF715B8-9CA8-4CB0-8592-4847C48EA826}.Debug|Any CPU.ActiveCfg = Debug|Any CPU
		{8AF715B8-9CA8-4CB0-8592-4847C48EA826}.Debug|Any CPU.Build.0 = Debug|Any CPU
		{8AF715B8-9CA8-4CB0-8592-4847C48EA826}.Release|Any CPU.ActiveCfg = Release|Any CPU
		{8AF715B8-9CA8-4CB0-8592-4847C48EA826}.Release|Any CPU.Build.0 = Release|Any CPU
	EndGlobalSection
	GlobalSection(SolutionProperties) = preSolution
		HideSolutionNode = FALSE
	EndGlobalSection
	GlobalSection(ExtensibilityGlobals) = postSolution
		SolutionGuid = {1ECBA72C-6BE5-493A-89CA-F8932B06F658}
	EndGlobalSection
	GlobalSection(AutomaticVersions) = postSolution
		UpdateAssemblyVersion = True
		UpdateAssemblyFileVersion = True
		UpdateAssemblyInfoVersion = True
		AssemblyVersionSettings = None.None.IncrementWithResetOnIncrease.None
		AssemblyFileVersionSettings = None.None.IncrementWithResetOnIncrease.None
		UpdatePackageVersion = False
		AssemblyInfoVersionSemVerSettings = AssemblyVersion.IncrementWithAutoReset.None
		AssemblyInfoVersionType = SemVer1
		InheritWinAppVersionFrom = None
	EndGlobalSection
EndGlobal
